
Microsoft Visual Studio Solution File, Format Version 12.00
# Visual Studio Version 16
VisualStudioVersion = 16.0.31112.23
MinimumVisualStudioVersion = 10.0.40219.1
Project("{FAE04EC0-301F-11D3-BF4B-00C04F79EFBC}") = "ByteBank.SistemaAgencia", "ByteBank.SistemaAgencia\ByteBank.SistemaAgencia.csproj", "{F9BAB12E-8957-4006-9416-E95B6C2CC473}"
EndProject
Project("{FAE04EC0-301F-11D3-BF4B-00C04F79EFBC}") = "ByteBank.Modelos", "ByteBank.Modelos\ByteBank.Modelos.csproj", "{6D4A98DB-B667-4A66-85E3-50273AC68A18}"
EndProject
Global
	GlobalSection(SolutionConfigurationPlatforms) = preSolution
		Debug|Any CPU = Debug|Any CPU
		Release|Any CPU = Release|Any CPU
	EndGlobalSection
	GlobalSection(ProjectConfigurationPlatforms) = postSolution
		{F9BAB12E-8957-4006-9416-E95B6C2CC473}.Debug|Any CPU.ActiveCfg = Debug|Any CPU
		{F9BAB12E-8957-4006-9416-E95B6C2CC473}.Debug|Any CPU.Build.0 = Debug|Any CPU
		{F9BAB12E-8957-4006-9416-E95B6C2CC473}.Release|Any CPU.ActiveCfg = Release|Any CPU
		{F9BAB12E-8957-4006-9416-E95B6C2CC473}.Release|Any CPU.Build.0 = Release|Any CPU
		{6D4A98DB-B667-4A66-85E3-50273AC68A18}.Debug|Any CPU.ActiveCfg = Debug|Any CPU
		{6D4A98DB-B667-4A66-85E3-50273AC68A18}.Debug|Any CPU.Build.0 = Debug|Any CPU
		{6D4A98DB-B667-4A66-85E3-50273AC68A18}.Release|Any CPU.ActiveCfg = Release|Any CPU
		{6D4A98DB-B667-4A66-85E3-50273AC68A18}.Release|Any CPU.Build.0 = Release|Any CPU
	EndGlobalSection
	GlobalSection(SolutionProperties) = preSolution
		HideSolutionNode = FALSE
	EndGlobalSection
	GlobalSection(ExtensibilityGlobals) = postSolution
		SolutionGuid = {2FD9760A-20F6-462F-A4AF-3D55D185CF06}
	EndGlobalSection
EndGlobal
